# This file is automatically @generated by Cargo.
# It is not intended for manual editing.
version = 4

[[package]]
name = "chapter01"
version = "0.1.0"

[[package]]
name = "chapter02"
version = "0.1.0"

[[package]]
name = "chapter03"
version = "0.1.0"

[[package]]
name = "chapter04"
version = "0.1.0"

[[package]]
name = "chapter05"
version = "0.1.0"

[[package]]
name = "chapter06"
version = "0.1.0"

[[package]]
name = "chapter07"
version = "0.1.0"

[[package]]
name = "chapter08"
version = "0.1.0"

[[package]]
name = "chapter09"
version = "0.1.0"

[[package]]
name = "chapter10"
version = "0.1.0"

[[package]]
name = "chapter11"
version = "0.1.0"
