# This file is automatically @generated by Cargo.
# It is not intended for manual editing.
version = 4

[[package]]
name = "chapter01"
version = "0.1.0"

[[package]]
name = "chapter02"
version = "0.1.0"

[[package]]
name = "chapter03"
version = "0.1.0"

[[package]]
name = "chapter04"
version = "0.1.0"

[[package]]
name = "chapter05"
version = "0.1.0"

[[package]]
name = "chapter06"
version = "0.1.0"
dependencies = [
 "petgraph",
]

[[package]]
name = "chapter07"
version = "0.1.0"

[[package]]
name = "chapter08"
version = "0.1.0"

[[package]]
name = "chapter09"
version = "0.1.0"

[[package]]
name = "chapter10"
version = "0.1.0"

[[package]]
name = "chapter11"
version = "0.1.0"

[[package]]
name = "equivalent"
version = "1.0.2"
source = "registry+https://github.com/rust-lang/crates.io-index"
checksum = "877a4ace8713b0bcf2a4e7eec82529c029f1d0619886d18145fea96c3ffe5c0f"

[[package]]
name = "fixedbitset"
version = "0.4.2"
source = "registry+https://github.com/rust-lang/crates.io-index"
checksum = "0ce7134b9999ecaf8bcd65542e436736ef32ddca1b3e06094cb6ec5755203b80"

[[package]]
name = "hashbrown"
version = "0.15.4"
source = "registry+https://github.com/rust-lang/crates.io-index"
checksum = "5971ac85611da7067dbfcabef3c70ebb5606018acd9e2a3903a0da507521e0d5"

[[package]]
name = "indexmap"
version = "2.10.0"
source = "registry+https://github.com/rust-lang/crates.io-index"
checksum = "fe4cd85333e22411419a0bcae1297d25e58c9443848b11dc6a86fefe8c78a661"
dependencies = [
 "equivalent",
 "hashbrown",
]

[[package]]
name = "petgraph"
version = "0.6.5"
source = "registry+https://github.com/rust-lang/crates.io-index"
checksum = "b4c5cc86750666a3ed20bdaf5ca2a0344f9c67674cae0515bec2da16fbaa47db"
dependencies = [
 "fixedbitset",
 "indexmap",
]
